
Microsoft Visual Studio Solution File, Format Version 12.00
# Visual Studio Version 17
VisualStudioVersion = 17.14.36804.6
MinimumVisualStudioVersion = 10.0.40219.1
Project("{FAE04EC0-301F-11D3-BF4B-00C04F79EFBC}") = "00Demo1", "00Demo1\00Demo1.csproj", "{0F5CE211-55C2-498A-8211-0C80F0CB3BA8}"
EndProject
Project("{FAE04EC0-301F-11D3-BF4B-00C04F79EFBC}") = "Pattern01", "Pattern01\Pattern01.csproj", "{2890C0D1-DC75-47E3-9322-D50CCF90591B}"
EndProject
Project("{FAE04EC0-301F-11D3-BF4B-00C04F79EFBC}") = "ConditionalStatement", "ConditionalStatement\ConditionalStatement.csproj", "{290F63AE-5873-4AC6-BCFE-623C3D38B317}"
EndProject
Project("{FAE04EC0-301F-11D3-BF4B-00C04F79EFBC}") = "Loops", "Loops\Loops.csproj", "{2E8231A5-4218-4BF1-9056-296745647E41}"
EndProject
Project("{FAE04EC0-301F-11D3-BF4B-00C04F79EFBC}") = "Inhertance", "Inhertance\Inhertance.csproj", "{BED28DFF-05D2-4A98-8623-89BC98146CD9}"
EndProject
Project("{FAE04EC0-301F-11D3-BF4B-00C04F79EFBC}") = "oopsbasics", "oopsbasics\oopsbasics.csproj", "{71184B0A-643C-499A-AB03-56DEFB179BA6}"
EndProject
Project("{FAE04EC0-301F-11D3-BF4B-00C04F79EFBC}") = "01Inheritance", "01Inheritance\01Inheritance.csproj", "{570BCB39-FE7B-4D09-AE24-CE82BEF76188}"
EndProject
Project("{FAE04EC0-301F-11D3-BF4B-00C04F79EFBC}") = "OOPs_interface", "OOPs_interface\OOPs_interface.csproj", "{84530682-99E4-43D4-A137-33496C40A916}"
EndProject
Project("{FAE04EC0-301F-11D3-BF4B-00C04F79EFBC}") = "ExplicitInterface", "ExplicitInterface\ExplicitInterface.csproj", "{EBF8471B-6855-44B7-88D5-4C22FA4747BD}"
EndProject
Project("{FAE04EC0-301F-11D3-BF4B-00C04F79EFBC}") = "DataFactoryAndInterface", "DataFactoryAndInterface\DataFactoryAndInterface.csproj", "{6F99E198-2249-4983-AA54-D8BA2A1830EA}"
EndProject
Project("{FAE04EC0-301F-11D3-BF4B-00C04F79EFBC}") = "09_OOP_interface", "09_OOP_interface\09_OOP_interface.csproj", "{B9B08285-8F8A-4D18-94B6-1B162B312F79}"
EndProject
Project("{FAE04EC0-301F-11D3-BF4B-00C04F79EFBC}") = "10Demo_AbstractCar", "10Demo_Report\10Demo_AbstractCar.csproj", "{E6CC9346-C5DD-4E46-A03C-44F2F9EFF380}"
EndProject
Project("{FAE04EC0-301F-11D3-BF4B-00C04F79EFBC}") = "11Demo_Singleton", "11Demo_Singleton\11Demo_Singleton.csproj", "{C3AD1664-CE39-4070-8735-0290B4C5CB03}"
EndProject
Project("{FAE04EC0-301F-11D3-BF4B-00C04F79EFBC}") = "21Demo_ObserverPattern", "21Demo_ObserverPattern\21Demo_ObserverPattern.csproj", "{5CDB84C9-12EC-4255-BB40-A9DC97AC3773}"
EndProject
Project("{911E67C6-3D85-4FCE-B560-20A9C3E3FF48}") = "12Demo_SealedClass", "12Demo_SealedClass\bin\Debug\net8.0\12Demo_SealedClass.exe", "{4029BD81-8C45-8339-6189-E6574D885A3C}"
	ProjectSection(DebuggerProjectSystem) = preProject
		PortSupplier = 00000000-0000-0000-0000-000000000000
		Executable = C:\Users\IET\Desktop\VipulPriyanka\.net\CSharpDemo\12Demo_SealedClass\bin\Debug\net8.0\12Demo_SealedClass.exe
		RemoteMachine = DESKTOP-C4NBTK6
		StartingDirectory = C:\Users\IET\Desktop\VipulPriyanka\.net\CSharpDemo\12Demo_SealedClass\bin\Debug\net8.0
		Environment = Default
		LaunchingEngine = 00000000-0000-0000-0000-000000000000
		UseLegacyDebugEngines = No
		LaunchSQLEngine = No
		AttachLaunchAction = No
		IORedirection = Auto
	EndProjectSection
EndProject
Project("{FAE04EC0-301F-11D3-BF4B-00C04F79EFBC}") = "13Demo_Notepad", "13Demo_Notepad\13Demo_Notepad.csproj", "{DA3DBE6D-D460-4ECB-E2A0-BAC912860779}"
EndProject
Project("{FAE04EC0-301F-11D3-BF4B-00C04F79EFBC}") = "15Demo_CMath", "15Demo_CMath\15Demo_CMath.csproj", "{0C2BFB45-BDB7-E21F-EB37-CA89923FAF77}"
EndProject
Project("{FAE04EC0-301F-11D3-BF4B-00C04F79EFBC}") = "22Demo_colection", "22Demo_colection\22Demo_colection.csproj", "{C9770B8B-EA63-4A6B-AED7-CC72869E8CEA}"
EndProject
Project("{FAE04EC0-301F-11D3-BF4B-00C04F79EFBC}") = "23Demo_Generic", "23Demo_Generic\23Demo_Generic.csproj", "{FB08D387-97B8-4E9E-AD60-84DC090AE462}"
EndProject
Project("{FAE04EC0-301F-11D3-BF4B-00C04F79EFBC}") = "23Generic", "23Generic\23Generic.csproj", "{AE5C46B7-43A1-4F10-8623-C4E3E23561F7}"
EndProject
Project("{FAE04EC0-301F-11D3-BF4B-00C04F79EFBC}") = "25DemoDictionary", "25DemoDictionary\25DemoDictionary.csproj", "{45766E66-2209-400C-95AA-BFBD9F50E1D2}"
EndProject
Project("{FAE04EC0-301F-11D3-BF4B-00C04F79EFBC}") = "24GenericDelegate", "24GenericDelegate\24GenericDelegate.csproj", "{F2C81314-D340-43EC-82EB-6D092DD20E8D}"
EndProject
Project("{FAE04EC0-301F-11D3-BF4B-00C04F79EFBC}") = "26FileIODemo", "26FileIODemo\26FileIODemo.csproj", "{68325400-DA4C-4A1B-BA01-3E1B2D031B7C}"
EndProject
Project("{FAE04EC0-301F-11D3-BF4B-00C04F79EFBC}") = "27DemoBinarySerialization", "27DemoBinarySerialization\27DemoBinarySerialization.csproj", "{DE653768-B00A-47A3-80D1-B3119D635E9B}"
EndProject
Project("{FAE04EC0-301F-11D3-BF4B-00C04F79EFBC}") = "28Demo_XmlSerialization", "28Demo_XmlSerialization\28Demo_XmlSerialization.csproj", "{3F84E849-1DBE-45E7-A9B5-AD37311DC732}"
EndProject
Project("{FAE04EC0-301F-11D3-BF4B-00C04F79EFBC}") = "28Demo_JSON_Serilization", "28Demo_JSON_Serilization\28Demo_JSON_Serilization.csproj", "{20BA5FB7-3A04-4005-AD43-721E66758D6E}"
EndProject
Project("{FAE04EC0-301F-11D3-BF4B-00C04F79EFBC}") = "29Demo_Reflection", "29Demo_Reflection\29Demo_Reflection.csproj", "{3BE4941B-BE31-4E6F-A806-4D269BF060E2}"
EndProject
Project("{FAE04EC0-301F-11D3-BF4B-00C04F79EFBC}") = "Demo_myMath", "Demo_myMath\Demo_myMath.csproj", "{AC8783DF-521E-47EA-9B5B-D0E6B0D90A54}"
EndProject
Global
	GlobalSection(SolutionConfigurationPlatforms) = preSolution
		Debug|Any CPU = Debug|Any CPU
		Debug|x64 = Debug|x64
		Release|Any CPU = Release|Any CPU
		Release|x64 = Release|x64
	EndGlobalSection
	GlobalSection(ProjectConfigurationPlatforms) = postSolution
		{0F5CE211-55C2-498A-8211-0C80F0CB3BA8}.Debug|Any CPU.ActiveCfg = Debug|Any CPU
		{0F5CE211-55C2-498A-8211-0C80F0CB3BA8}.Debug|Any CPU.Build.0 = Debug|Any CPU
		{0F5CE211-55C2-498A-8211-0C80F0CB3BA8}.Debug|x64.ActiveCfg = Debug|Any CPU
		{0F5CE211-55C2-498A-8211-0C80F0CB3BA8}.Release|Any CPU.ActiveCfg = Release|Any CPU
		{0F5CE211-55C2-498A-8211-0C80F0CB3BA8}.Release|Any CPU.Build.0 = Release|Any CPU
		{0F5CE211-55C2-498A-8211-0C80F0CB3BA8}.Release|x64.ActiveCfg = Release|Any CPU
		{2890C0D1-DC75-47E3-9322-D50CCF90591B}.Debug|Any CPU.ActiveCfg = Debug|Any CPU
		{2890C0D1-DC75-47E3-9322-D50CCF90591B}.Debug|Any CPU.Build.0 = Debug|Any CPU
		{2890C0D1-DC75-47E3-9322-D50CCF90591B}.Debug|x64.ActiveCfg = Debug|Any CPU
		{2890C0D1-DC75-47E3-9322-D50CCF90591B}.Release|Any CPU.ActiveCfg = Release|Any CPU
		{2890C0D1-DC75-47E3-9322-D50CCF90591B}.Release|Any CPU.Build.0 = Release|Any CPU
		{2890C0D1-DC75-47E3-9322-D50CCF90591B}.Release|x64.ActiveCfg = Release|Any CPU
		{290F63AE-5873-4AC6-BCFE-623C3D38B317}.Debug|Any CPU.ActiveCfg = Debug|Any CPU
		{290F63AE-5873-4AC6-BCFE-623C3D38B317}.Debug|Any CPU.Build.0 = Debug|Any CPU
		{290F63AE-5873-4AC6-BCFE-623C3D38B317}.Debug|x64.ActiveCfg = Debug|Any CPU
		{290F63AE-5873-4AC6-BCFE-623C3D38B317}.Release|Any CPU.ActiveCfg = Release|Any CPU
		{290F63AE-5873-4AC6-BCFE-623C3D38B317}.Release|Any CPU.Build.0 = Release|Any CPU
		{290F63AE-5873-4AC6-BCFE-623C3D38B317}.Release|x64.ActiveCfg = Release|Any CPU
		{2E8231A5-4218-4BF1-9056-296745647E41}.Debug|Any CPU.ActiveCfg = Debug|Any CPU
		{2E8231A5-4218-4BF1-9056-296745647E41}.Debug|Any CPU.Build.0 = Debug|Any CPU
		{2E8231A5-4218-4BF1-9056-296745647E41}.Debug|x64.ActiveCfg = Debug|Any CPU
		{2E8231A5-4218-4BF1-9056-296745647E41}.Release|Any CPU.ActiveCfg = Release|Any CPU
		{2E8231A5-4218-4BF1-9056-296745647E41}.Release|Any CPU.Build.0 = Release|Any CPU
		{2E8231A5-4218-4BF1-9056-296745647E41}.Release|x64.ActiveCfg = Release|Any CPU
		{BED28DFF-05D2-4A98-8623-89BC98146CD9}.Debug|Any CPU.ActiveCfg = Debug|Any CPU
		{BED28DFF-05D2-4A98-8623-89BC98146CD9}.Debug|Any CPU.Build.0 = Debug|Any CPU
		{BED28DFF-05D2-4A98-8623-89BC98146CD9}.Debug|x64.ActiveCfg = Debug|Any CPU
		{BED28DFF-05D2-4A98-8623-89BC98146CD9}.Release|Any CPU.ActiveCfg = Release|Any CPU
		{BED28DFF-05D2-4A98-8623-89BC98146CD9}.Release|Any CPU.Build.0 = Release|Any CPU
		{BED28DFF-05D2-4A98-8623-89BC98146CD9}.Release|x64.ActiveCfg = Release|Any CPU
		{71184B0A-643C-499A-AB03-56DEFB179BA6}.Debug|Any CPU.ActiveCfg = Debug|Any CPU
		{71184B0A-643C-499A-AB03-56DEFB179BA6}.Debug|Any CPU.Build.0 = Debug|Any CPU
		{71184B0A-643C-499A-AB03-56DEFB179BA6}.Debug|x64.ActiveCfg = Debug|Any CPU
		{71184B0A-643C-499A-AB03-56DEFB179BA6}.Release|Any CPU.ActiveCfg = Release|Any CPU
		{71184B0A-643C-499A-AB03-56DEFB179BA6}.Release|Any CPU.Build.0 = Release|Any CPU
		{71184B0A-643C-499A-AB03-56DEFB179BA6}.Release|x64.ActiveCfg = Release|Any CPU
		{570BCB39-FE7B-4D09-AE24-CE82BEF76188}.Debug|Any CPU.ActiveCfg = Debug|Any CPU
		{570BCB39-FE7B-4D09-AE24-CE82BEF76188}.Debug|Any CPU.Build.0 = Debug|Any CPU
		{570BCB39-FE7B-4D09-AE24-CE82BEF76188}.Debug|x64.ActiveCfg = Debug|Any CPU
		{570BCB39-FE7B-4D09-AE24-CE82BEF76188}.Release|Any CPU.ActiveCfg = Release|Any CPU
		{570BCB39-FE7B-4D09-AE24-CE82BEF76188}.Release|Any CPU.Build.0 = Release|Any CPU
		{570BCB39-FE7B-4D09-AE24-CE82BEF76188}.Release|x64.ActiveCfg = Release|Any CPU
		{84530682-99E4-43D4-A137-33496C40A916}.Debug|Any CPU.ActiveCfg = Debug|Any CPU
		{84530682-99E4-43D4-A137-33496C40A916}.Debug|Any CPU.Build.0 = Debug|Any CPU
		{84530682-99E4-43D4-A137-33496C40A916}.Debug|x64.ActiveCfg = Debug|Any CPU
		{84530682-99E4-43D4-A137-33496C40A916}.Release|Any CPU.ActiveCfg = Release|Any CPU
		{84530682-99E4-43D4-A137-33496C40A916}.Release|Any CPU.Build.0 = Release|Any CPU
		{84530682-99E4-43D4-A137-33496C40A916}.Release|x64.ActiveCfg = Release|Any CPU
		{EBF8471B-6855-44B7-88D5-4C22FA4747BD}.Debug|Any CPU.ActiveCfg = Debug|Any CPU
		{EBF8471B-6855-44B7-88D5-4C22FA4747BD}.Debug|Any CPU.Build.0 = Debug|Any CPU
		{EBF8471B-6855-44B7-88D5-4C22FA4747BD}.Debug|x64.ActiveCfg = Debug|Any CPU
		{EBF8471B-6855-44B7-88D5-4C22FA4747BD}.Release|Any CPU.ActiveCfg = Release|Any CPU
		{EBF8471B-6855-44B7-88D5-4C22FA4747BD}.Release|Any CPU.Build.0 = Release|Any CPU
		{EBF8471B-6855-44B7-88D5-4C22FA4747BD}.Release|x64.ActiveCfg = Release|Any CPU
		{6F99E198-2249-4983-AA54-D8BA2A1830EA}.Debug|Any CPU.ActiveCfg = Debug|Any CPU
		{6F99E198-2249-4983-AA54-D8BA2A1830EA}.Debug|Any CPU.Build.0 = Debug|Any CPU
		{6F99E198-2249-4983-AA54-D8BA2A1830EA}.Debug|x64.ActiveCfg = Debug|Any CPU
		{6F99E198-2249-4983-AA54-D8BA2A1830EA}.Release|Any CPU.ActiveCfg = Release|Any CPU
		{6F99E198-2249-4983-AA54-D8BA2A1830EA}.Release|Any CPU.Build.0 = Release|Any CPU
		{6F99E198-2249-4983-AA54-D8BA2A1830EA}.Release|x64.ActiveCfg = Release|Any CPU
		{B9B08285-8F8A-4D18-94B6-1B162B312F79}.Debug|Any CPU.ActiveCfg = Debug|Any CPU
		{B9B08285-8F8A-4D18-94B6-1B162B312F79}.Debug|Any CPU.Build.0 = Debug|Any CPU
		{B9B08285-8F8A-4D18-94B6-1B162B312F79}.Debug|x64.ActiveCfg = Debug|Any CPU
		{B9B08285-8F8A-4D18-94B6-1B162B312F79}.Release|Any CPU.ActiveCfg = Release|Any CPU
		{B9B08285-8F8A-4D18-94B6-1B162B312F79}.Release|Any CPU.Build.0 = Release|Any CPU
		{B9B08285-8F8A-4D18-94B6-1B162B312F79}.Release|x64.ActiveCfg = Release|Any CPU
		{E6CC9346-C5DD-4E46-A03C-44F2F9EFF380}.Debug|Any CPU.ActiveCfg = Debug|Any CPU
		{E6CC9346-C5DD-4E46-A03C-44F2F9EFF380}.Debug|Any CPU.Build.0 = Debug|Any CPU
		{E6CC9346-C5DD-4E46-A03C-44F2F9EFF380}.Debug|x64.ActiveCfg = Debug|Any CPU
		{E6CC9346-C5DD-4E46-A03C-44F2F9EFF380}.Debug|x64.Build.0 = Debug|Any CPU
		{E6CC9346-C5DD-4E46-A03C-44F2F9EFF380}.Release|Any CPU.ActiveCfg = Release|Any CPU
		{E6CC9346-C5DD-4E46-A03C-44F2F9EFF380}.Release|Any CPU.Build.0 = Release|Any CPU
		{E6CC9346-C5DD-4E46-A03C-44F2F9EFF380}.Release|x64.ActiveCfg = Release|Any CPU
		{E6CC9346-C5DD-4E46-A03C-44F2F9EFF380}.Release|x64.Build.0 = Release|Any CPU
		{C3AD1664-CE39-4070-8735-0290B4C5CB03}.Debug|Any CPU.ActiveCfg = Debug|Any CPU
		{C3AD1664-CE39-4070-8735-0290B4C5CB03}.Debug|Any CPU.Build.0 = Debug|Any CPU
		{C3AD1664-CE39-4070-8735-0290B4C5CB03}.Debug|x64.ActiveCfg = Debug|Any CPU
		{C3AD1664-CE39-4070-8735-0290B4C5CB03}.Debug|x64.Build.0 = Debug|Any CPU
		{C3AD1664-CE39-4070-8735-0290B4C5CB03}.Release|Any CPU.ActiveCfg = Release|Any CPU
		{C3AD1664-CE39-4070-8735-0290B4C5CB03}.Release|Any CPU.Build.0 = Release|Any CPU
		{C3AD1664-CE39-4070-8735-0290B4C5CB03}.Release|x64.ActiveCfg = Release|Any CPU
		{C3AD1664-CE39-4070-8735-0290B4C5CB03}.Release|x64.Build.0 = Release|Any CPU
		{5CDB84C9-12EC-4255-BB40-A9DC97AC3773}.Debug|Any CPU.ActiveCfg = Debug|Any CPU
		{5CDB84C9-12EC-4255-BB40-A9DC97AC3773}.Debug|Any CPU.Build.0 = Debug|Any CPU
		{5CDB84C9-12EC-4255-BB40-A9DC97AC3773}.Debug|x64.ActiveCfg = Debug|Any CPU
		{5CDB84C9-12EC-4255-BB40-A9DC97AC3773}.Release|Any CPU.ActiveCfg = Release|Any CPU
		{5CDB84C9-12EC-4255-BB40-A9DC97AC3773}.Release|Any CPU.Build.0 = Release|Any CPU
		{5CDB84C9-12EC-4255-BB40-A9DC97AC3773}.Release|x64.ActiveCfg = Release|Any CPU
		{4029BD81-8C45-8339-6189-E6574D885A3C}.Debug|Any CPU.ActiveCfg = Release|x64
		{4029BD81-8C45-8339-6189-E6574D885A3C}.Debug|x64.ActiveCfg = Release|x64
		{4029BD81-8C45-8339-6189-E6574D885A3C}.Release|Any CPU.ActiveCfg = Release|x64
		{4029BD81-8C45-8339-6189-E6574D885A3C}.Release|x64.ActiveCfg = Release|x64
		{DA3DBE6D-D460-4ECB-E2A0-BAC912860779}.Debug|Any CPU.ActiveCfg = Debug|Any CPU
		{DA3DBE6D-D460-4ECB-E2A0-BAC912860779}.Debug|Any CPU.Build.0 = Debug|Any CPU
		{DA3DBE6D-D460-4ECB-E2A0-BAC912860779}.Debug|x64.ActiveCfg = Debug|Any CPU
		{DA3DBE6D-D460-4ECB-E2A0-BAC912860779}.Debug|x64.Build.0 = Debug|Any CPU
		{DA3DBE6D-D460-4ECB-E2A0-BAC912860779}.Release|Any CPU.ActiveCfg = Release|Any CPU
		{DA3DBE6D-D460-4ECB-E2A0-BAC912860779}.Release|Any CPU.Build.0 = Release|Any CPU
		{DA3DBE6D-D460-4ECB-E2A0-BAC912860779}.Release|x64.ActiveCfg = Release|Any CPU
		{DA3DBE6D-D460-4ECB-E2A0-BAC912860779}.Release|x64.Build.0 = Release|Any CPU
		{0C2BFB45-BDB7-E21F-EB37-CA89923FAF77}.Debug|Any CPU.ActiveCfg = Debug|Any CPU
		{0C2BFB45-BDB7-E21F-EB37-CA89923FAF77}.Debug|Any CPU.Build.0 = Debug|Any CPU
		{0C2BFB45-BDB7-E21F-EB37-CA89923FAF77}.Debug|x64.ActiveCfg = Debug|Any CPU
		{0C2BFB45-BDB7-E21F-EB37-CA89923FAF77}.Debug|x64.Build.0 = Debug|Any CPU
		{0C2BFB45-BDB7-E21F-EB37-CA89923FAF77}.Release|Any CPU.ActiveCfg = Release|Any CPU
		{0C2BFB45-BDB7-E21F-EB37-CA89923FAF77}.Release|Any CPU.Build.0 = Release|Any CPU
		{0C2BFB45-BDB7-E21F-EB37-CA89923FAF77}.Release|x64.ActiveCfg = Release|Any CPU
		{0C2BFB45-BDB7-E21F-EB37-CA89923FAF77}.Release|x64.Build.0 = Release|Any CPU
		{C9770B8B-EA63-4A6B-AED7-CC72869E8CEA}.Debug|Any CPU.ActiveCfg = Debug|Any CPU
		{C9770B8B-EA63-4A6B-AED7-CC72869E8CEA}.Debug|Any CPU.Build.0 = Debug|Any CPU
		{C9770B8B-EA63-4A6B-AED7-CC72869E8CEA}.Debug|x64.ActiveCfg = Debug|Any CPU
		{C9770B8B-EA63-4A6B-AED7-CC72869E8CEA}.Debug|x64.Build.0 = Debug|Any CPU
		{C9770B8B-EA63-4A6B-AED7-CC72869E8CEA}.Release|Any CPU.ActiveCfg = Release|Any CPU
		{C9770B8B-EA63-4A6B-AED7-CC72869E8CEA}.Release|Any CPU.Build.0 = Release|Any CPU
		{C9770B8B-EA63-4A6B-AED7-CC72869E8CEA}.Release|x64.ActiveCfg = Release|Any CPU
		{C9770B8B-EA63-4A6B-AED7-CC72869E8CEA}.Release|x64.Build.0 = Release|Any CPU
		{FB08D387-97B8-4E9E-AD60-84DC090AE462}.Debug|Any CPU.ActiveCfg = Debug|Any CPU
		{FB08D387-97B8-4E9E-AD60-84DC090AE462}.Debug|Any CPU.Build.0 = Debug|Any CPU
		{FB08D387-97B8-4E9E-AD60-84DC090AE462}.Debug|x64.ActiveCfg = Debug|Any CPU
		{FB08D387-97B8-4E9E-AD60-84DC090AE462}.Debug|x64.Build.0 = Debug|Any CPU
		{FB08D387-97B8-4E9E-AD60-84DC090AE462}.Release|Any CPU.ActiveCfg = Release|Any CPU
		{FB08D387-97B8-4E9E-AD60-84DC090AE462}.Release|Any CPU.Build.0 = Release|Any CPU
		{FB08D387-97B8-4E9E-AD60-84DC090AE462}.Release|x64.ActiveCfg = Release|Any CPU
		{FB08D387-97B8-4E9E-AD60-84DC090AE462}.Release|x64.Build.0 = Release|Any CPU
		{AE5C46B7-43A1-4F10-8623-C4E3E23561F7}.Debug|Any CPU.ActiveCfg = Debug|Any CPU
		{AE5C46B7-43A1-4F10-8623-C4E3E23561F7}.Debug|Any CPU.Build.0 = Debug|Any CPU
		{AE5C46B7-43A1-4F10-8623-C4E3E23561F7}.Debug|x64.ActiveCfg = Debug|Any CPU
		{AE5C46B7-43A1-4F10-8623-C4E3E23561F7}.Debug|x64.Build.0 = Debug|Any CPU
		{AE5C46B7-43A1-4F10-8623-C4E3E23561F7}.Release|Any CPU.ActiveCfg = Release|Any CPU
		{AE5C46B7-43A1-4F10-8623-C4E3E23561F7}.Release|Any CPU.Build.0 = Release|Any CPU
		{AE5C46B7-43A1-4F10-8623-C4E3E23561F7}.Release|x64.ActiveCfg = Release|Any CPU
		{AE5C46B7-43A1-4F10-8623-C4E3E23561F7}.Release|x64.Build.0 = Release|Any CPU
		{45766E66-2209-400C-95AA-BFBD9F50E1D2}.Debug|Any CPU.ActiveCfg = Debug|Any CPU
		{45766E66-2209-400C-95AA-BFBD9F50E1D2}.Debug|Any CPU.Build.0 = Debug|Any CPU
		{45766E66-2209-400C-95AA-BFBD9F50E1D2}.Debug|x64.ActiveCfg = Debug|Any CPU
		{45766E66-2209-400C-95AA-BFBD9F50E1D2}.Debug|x64.Build.0 = Debug|Any CPU
		{45766E66-2209-400C-95AA-BFBD9F50E1D2}.Release|Any CPU.ActiveCfg = Release|Any CPU
		{45766E66-2209-400C-95AA-BFBD9F50E1D2}.Release|Any CPU.Build.0 = Release|Any CPU
		{45766E66-2209-400C-95AA-BFBD9F50E1D2}.Release|x64.ActiveCfg = Release|Any CPU
		{45766E66-2209-400C-95AA-BFBD9F50E1D2}.Release|x64.Build.0 = Release|Any CPU
		{F2C81314-D340-43EC-82EB-6D092DD20E8D}.Debug|Any CPU.ActiveCfg = Debug|Any CPU
		{F2C81314-D340-43EC-82EB-6D092DD20E8D}.Debug|Any CPU.Build.0 = Debug|Any CPU
		{F2C81314-D340-43EC-82EB-6D092DD20E8D}.Debug|x64.ActiveCfg = Debug|Any CPU
		{F2C81314-D340-43EC-82EB-6D092DD20E8D}.Debug|x64.Build.0 = Debug|Any CPU
		{F2C81314-D340-43EC-82EB-6D092DD20E8D}.Release|Any CPU.ActiveCfg = Release|Any CPU
		{F2C81314-D340-43EC-82EB-6D092DD20E8D}.Release|Any CPU.Build.0 = Release|Any CPU
		{F2C81314-D340-43EC-82EB-6D092DD20E8D}.Release|x64.ActiveCfg = Release|Any CPU
		{F2C81314-D340-43EC-82EB-6D092DD20E8D}.Release|x64.Build.0 = Release|Any CPU
		{68325400-DA4C-4A1B-BA01-3E1B2D031B7C}.Debug|Any CPU.ActiveCfg = Debug|Any CPU
		{68325400-DA4C-4A1B-BA01-3E1B2D031B7C}.Debug|Any CPU.Build.0 = Debug|Any CPU
		{68325400-DA4C-4A1B-BA01-3E1B2D031B7C}.Debug|x64.ActiveCfg = Debug|Any CPU
		{68325400-DA4C-4A1B-BA01-3E1B2D031B7C}.Debug|x64.Build.0 = Debug|Any CPU
		{68325400-DA4C-4A1B-BA01-3E1B2D031B7C}.Release|Any CPU.ActiveCfg = Release|Any CPU
		{68325400-DA4C-4A1B-BA01-3E1B2D031B7C}.Release|Any CPU.Build.0 = Release|Any CPU
		{68325400-DA4C-4A1B-BA01-3E1B2D031B7C}.Release|x64.ActiveCfg = Release|Any CPU
		{68325400-DA4C-4A1B-BA01-3E1B2D031B7C}.Release|x64.Build.0 = Release|Any CPU
		{DE653768-B00A-47A3-80D1-B3119D635E9B}.Debug|Any CPU.ActiveCfg = Debug|Any CPU
		{DE653768-B00A-47A3-80D1-B3119D635E9B}.Debug|Any CPU.Build.0 = Debug|Any CPU
		{DE653768-B00A-47A3-80D1-B3119D635E9B}.Debug|x64.ActiveCfg = Debug|Any CPU
		{DE653768-B00A-47A3-80D1-B3119D635E9B}.Debug|x64.Build.0 = Debug|Any CPU
		{DE653768-B00A-47A3-80D1-B3119D635E9B}.Release|Any CPU.ActiveCfg = Release|Any CPU
		{DE653768-B00A-47A3-80D1-B3119D635E9B}.Release|Any CPU.Build.0 = Release|Any CPU
		{DE653768-B00A-47A3-80D1-B3119D635E9B}.Release|x64.ActiveCfg = Release|Any CPU
		{DE653768-B00A-47A3-80D1-B3119D635E9B}.Release|x64.Build.0 = Release|Any CPU
		{3F84E849-1DBE-45E7-A9B5-AD37311DC732}.Debug|Any CPU.ActiveCfg = Debug|Any CPU
		{3F84E849-1DBE-45E7-A9B5-AD37311DC732}.Debug|Any CPU.Build.0 = Debug|Any CPU
		{3F84E849-1DBE-45E7-A9B5-AD37311DC732}.Debug|x64.ActiveCfg = Debug|Any CPU
		{3F84E849-1DBE-45E7-A9B5-AD37311DC732}.Debug|x64.Build.0 = Debug|Any CPU
		{3F84E849-1DBE-45E7-A9B5-AD37311DC732}.Release|Any CPU.ActiveCfg = Release|Any CPU
		{3F84E849-1DBE-45E7-A9B5-AD37311DC732}.Release|Any CPU.Build.0 = Release|Any CPU
		{3F84E849-1DBE-45E7-A9B5-AD37311DC732}.Release|x64.ActiveCfg = Release|Any CPU
		{3F84E849-1DBE-45E7-A9B5-AD37311DC732}.Release|x64.Build.0 = Release|Any CPU
		{20BA5FB7-3A04-4005-AD43-721E66758D6E}.Debug|Any CPU.ActiveCfg = Debug|Any CPU
		{20BA5FB7-3A04-4005-AD43-721E66758D6E}.Debug|Any CPU.Build.0 = Debug|Any CPU
		{20BA5FB7-3A04-4005-AD43-721E66758D6E}.Debug|x64.ActiveCfg = Debug|Any CPU
		{20BA5FB7-3A04-4005-AD43-721E66758D6E}.Debug|x64.Build.0 = Debug|Any CPU
		{20BA5FB7-3A04-4005-AD43-721E66758D6E}.Release|Any CPU.ActiveCfg = Release|Any CPU
		{20BA5FB7-3A04-4005-AD43-721E66758D6E}.Release|Any CPU.Build.0 = Release|Any CPU
		{20BA5FB7-3A04-4005-AD43-721E66758D6E}.Release|x64.ActiveCfg = Release|Any CPU
		{20BA5FB7-3A04-4005-AD43-721E66758D6E}.Release|x64.Build.0 = Release|Any CPU
		{3BE4941B-BE31-4E6F-A806-4D269BF060E2}.Debug|Any CPU.ActiveCfg = Debug|Any CPU
		{3BE4941B-BE31-4E6F-A806-4D269BF060E2}.Debug|Any CPU.Build.0 = Debug|Any CPU
		{3BE4941B-BE31-4E6F-A806-4D269BF060E2}.Debug|x64.ActiveCfg = Debug|Any CPU
		{3BE4941B-BE31-4E6F-A806-4D269BF060E2}.Debug|x64.Build.0 = Debug|Any CPU
		{3BE4941B-BE31-4E6F-A806-4D269BF060E2}.Release|Any CPU.ActiveCfg = Release|Any CPU
		{3BE4941B-BE31-4E6F-A806-4D269BF060E2}.Release|Any CPU.Build.0 = Release|Any CPU
		{3BE4941B-BE31-4E6F-A806-4D269BF060E2}.Release|x64.ActiveCfg = Release|Any CPU
		{3BE4941B-BE31-4E6F-A806-4D269BF060E2}.Release|x64.Build.0 = Release|Any CPU
		{AC8783DF-521E-47EA-9B5B-D0E6B0D90A54}.Debug|Any CPU.ActiveCfg = Debug|Any CPU
		{AC8783DF-521E-47EA-9B5B-D0E6B0D90A54}.Debug|Any CPU.Build.0 = Debug|Any CPU
		{AC8783DF-521E-47EA-9B5B-D0E6B0D90A54}.Debug|x64.ActiveCfg = Debug|Any CPU
		{AC8783DF-521E-47EA-9B5B-D0E6B0D90A54}.Debug|x64.Build.0 = Debug|Any CPU
		{AC8783DF-521E-47EA-9B5B-D0E6B0D90A54}.Release|Any CPU.ActiveCfg = Release|Any CPU
		{AC8783DF-521E-47EA-9B5B-D0E6B0D90A54}.Release|Any CPU.Build.0 = Release|Any CPU
		{AC8783DF-521E-47EA-9B5B-D0E6B0D90A54}.Release|x64.ActiveCfg = Release|Any CPU
		{AC8783DF-521E-47EA-9B5B-D0E6B0D90A54}.Release|x64.Build.0 = Release|Any CPU
	EndGlobalSection
	GlobalSection(SolutionProperties) = preSolution
		HideSolutionNode = FALSE
	EndGlobalSection
	GlobalSection(ExtensibilityGlobals) = postSolution
		SolutionGuid = {B8E851E9-F922-49A7-A4FD-CD2DCE64C8BF}
	EndGlobalSection
EndGlobal
